
Microsoft Visual Studio Solution File, Format Version 12.00
# Visual Studio 15
VisualStudioVersion = 15.0.26730.16
MinimumVisualStudioVersion = 10.0.40219.1
Project("{8BC9CEB8-8B4A-11D0-8D11-00A0C91BC942}") = "CIS22B_Assignment_C1", "CIS22B_Assignment_C1.vcxproj", "{3CDE61B2-D1DE-4E94-8EAC-67CB4799FD5F}"
EndProject
Global
	GlobalSection(SolutionConfigurationPlatforms) = preSolution
		Debug|x64 = Debug|x64
		Debug|x86 = Debug|x86
		Release|x64 = Release|x64
		Release|x86 = Release|x86
	EndGlobalSection
	GlobalSection(ProjectConfigurationPlatforms) = postSolution
		{3CDE61B2-D1DE-4E94-8EAC-67CB4799FD5F}.Debug|x64.ActiveCfg = Debug|x64
		{3CDE61B2-D1DE-4E94-8EAC-67CB4799FD5F}.Debug|x64.Build.0 = Debug|x64
		{3CDE61B2-D1DE-4E94-8EAC-67CB4799FD5F}.Debug|x86.ActiveCfg = Debug|Win32
		{3CDE61B2-D1DE-4E94-8EAC-67CB4799FD5F}.Debug|x86.Build.0 = Debug|Win32
		{3CDE61B2-D1DE-4E94-8EAC-67CB4799FD5F}.Release|x64.ActiveCfg = Release|x64
		{3CDE61B2-D1DE-4E94-8EAC-67CB4799FD5F}.Release|x64.Build.0 = Release|x64
		{3CDE61B2-D1DE-4E94-8EAC-67CB4799FD5F}.Release|x86.ActiveCfg = Release|Win32
		{3CDE61B2-D1DE-4E94-8EAC-67CB4799FD5F}.Release|x86.Build.0 = Release|Win32
	EndGlobalSection
	GlobalSection(SolutionProperties) = preSolution
		HideSolutionNode = FALSE
	EndGlobalSection
	GlobalSection(ExtensibilityGlobals) = postSolution
		SolutionGuid = {2FB45D56-BDD3-46AD-9218-BC5EC6A8D7CE}
	EndGlobalSection
EndGlobal
